# THIS IS AN AUTOGENERATED FILE. DO NOT EDIT THIS FILE DIRECTLY.
# yarn lockfile v1


"@angular/animations@^7.2.9":
  version "7.2.9"
  resolved "https://registry.yarnpkg.com/@angular/animations/-/animations-7.2.9.tgz#1bfacb76dfd80656e28edb4efdfd3154e56f1c29"
  integrity sha512-cdIf/UWwhNlw6Ep3pRxRk12F8q/GyTbcHDF4qbgg7lZEDPYS32KS1lpHY1pgSuSOIPZUT+iLPOxAZ6cu7Am1vA==
  dependencies:
    tslib "^1.9.0"

"@angular/cdk@^7.3.4":
  version "7.3.4"
  resolved "https://registry.yarnpkg.com/@angular/cdk/-/cdk-7.3.4.tgz#b9d8c62cdd24fa6517dd3ae68c78632b1525d35f"
  integrity sha512-cHl1o7obogCO3Nxf9n8MrXpfHa7AH1QNX2BY+bftYBTHW++YJe+qAwkwWLVqnJD9TQE2OpiR058zoJU20khM/g==
  dependencies:
    tslib "^1.7.1"
  optionalDependencies:
    parse5 "^5.0.0"

"@angular/material@^7.3.4":
  version "7.3.4"
  resolved "https://registry.yarnpkg.com/@angular/material/-/material-7.3.4.tgz#a0d3fc14bf4c165944e3f1ddc71f7c685b8d4ef3"
  integrity sha512-UWS4Kd3AqJBtAJRds4hhPNez9k1rkWhd6/E17pfcH6KWxP3Pi7tcubaSqoDRGHVbr/QegDn1SOoRokJxLYDn2g==
  dependencies:
    tslib "^1.7.1"

"@types/luxon@^1.11.1":
  version "1.11.1"
  resolved "https://registry.yarnpkg.com/@types/luxon/-/luxon-1.11.1.tgz#819d730cf8ada52bec9c4a1d94347d1250f22c5d"
  integrity sha512-XBHQ7rzpOHyJudEQcMyoT67Np61FTb6S2jWqWQER/U7H2NAS+dpC8wv5T+6ygV5g/yJQdaojQbsJQiweool0Aw==

moment@^2.24.0:
  version "2.24.0"
  resolved "https://registry.yarnpkg.com/moment/-/moment-2.24.0.tgz#0d055d53f5052aa653c9f6eb68bb5d12bf5c2b5b"
  integrity sha512-bV7f+6l2QigeBBZSM/6yTNq4P2fNpSWj/0e7jQcy87A8e7o2nAfP/34/2ky5Vw4B9S446EtIhodAzkFCcR4dQg==

ngx-material-timepicker@^3.0.1:
  version "3.0.1"
  resolved "https://registry.yarnpkg.com/ngx-material-timepicker/-/ngx-material-timepicker-3.0.1.tgz#b6eef5365db49022e2c75cf40565cc1c56143af8"
  integrity sha512-0K2+Fgtnzn21KmGYPh45JHf1EW0SqUo3+m2BhO3jjYD9D+Ho4Pn917KrpMKWkMwrsnxdd1ehY7oWMGz8/01JHw==
  dependencies:
    tslib "^1.9.0"

parse5@^5.0.0:
  version "5.1.0"
  resolved "https://registry.yarnpkg.com/parse5/-/parse5-5.1.0.tgz#c59341c9723f414c452975564c7c00a68d58acd2"
  integrity sha512-fxNG2sQjHvlVAYmzBZS9YlDp6PTSSDwa98vkD4QgVDDCAo84z5X1t5XyJQ62ImdLXx5NdIIfihey6xpum9/gRQ==

tslib@^1.7.1, tslib@^1.9.0:
  version "1.9.3"
  resolved "https://registry.yarnpkg.com/tslib/-/tslib-1.9.3.tgz#d7e4dd79245d85428c4d7e4822a79917954ca286"
  integrity sha512-4krF8scpejhaOgqzBEcGM7yDIEfi0/8+8zDRZhNZZ2kjmHJ4hv3zCbQWxoJGz1iw5U0Jl0nma13xzHXcncMavQ==
